// !$*UTF8*$!
{
	archiveVersion = 1;
	classes = {
	};
	objectVersion = 46;
	objects = {

/* Begin PBXBuildFile section */
		E09DCE761AFEEA5E00C5145E /* HLProfileViewController.m in Sources */ = {isa = PBXBuildFile; fileRef = E09DCE751AFEEA5E00C5145E /* HLProfileViewController.m */; };
		E09DCE7C1AFEEE7900C5145E /* HLDiscoverViewController.m in Sources */ = {isa = PBXBuildFile; fileRef = E09DCE7B1AFEEE7900C5145E /* HLDiscoverViewController.m */; };
		E09DCE7F1AFF022300C5145E /* HLTabBar.m in Sources */ = {isa = PBXBuildFile; fileRef = E09DCE7E1AFF022300C5145E /* HLTabBar.m */; };
		E0A789A51AFE241D004F3511 /* HLNavigationController.m in Sources */ = {isa = PBXBuildFile; fileRef = E0A789A41AFE241D004F3511 /* HLNavigationController.m */; };
		E0A789A81AFE24BD004F3511 /* HLTabBarViewController.m in Sources */ = {isa = PBXBuildFile; fileRef = E0A789A71AFE24BD004F3511 /* HLTabBarViewController.m */; };
		E0A789AE1AFE2822004F3511 /* HLHomeViewController.m in Sources */ = {isa = PBXBuildFile; fileRef = E0A789AD1AFE2822004F3511 /* HLHomeViewController.m */; };
		E0A789B71AFE2A50004F3511 /* UIView+Extension.m in Sources */ = {isa = PBXBuildFile; fileRef = E0A789B61AFE2A50004F3511 /* UIView+Extension.m */; };
		E0A789BB1AFE2F6F004F3511 /* UIBarButtonItem+Extension.m in Sources */ = {isa = PBXBuildFile; fileRef = E0A789BA1AFE2F6F004F3511 /* UIBarButtonItem+Extension.m */; };
		E0ADF9AE1B04E57300732E3C /* HLEditPhotoViewController.m in Sources */ = {isa = PBXBuildFile; fileRef = E0ADF9AC1B04E57300732E3C /* HLEditPhotoViewController.m */; };
		E0ADF9AF1B04E57300732E3C /* HLEditPhotoViewController.xib in Resources */ = {isa = PBXBuildFile; fileRef = E0ADF9AD1B04E57300732E3C /* HLEditPhotoViewController.xib */; };
		E0B5EA2E1B04A1CB0086BC03 /* AssetHelper.m in Sources */ = {isa = PBXBuildFile; fileRef = E0B5EA241B04A1CB0086BC03 /* AssetHelper.m */; };
		E0B5EA2F1B04A1CB0086BC03 /* DoAlbumCell.m in Sources */ = {isa = PBXBuildFile; fileRef = E0B5EA261B04A1CB0086BC03 /* DoAlbumCell.m */; };
		E0B5EA301B04A1CB0086BC03 /* DoAlbumCell.xib in Resources */ = {isa = PBXBuildFile; fileRef = E0B5EA271B04A1CB0086BC03 /* DoAlbumCell.xib */; };
		E0B5EA311B04A1CB0086BC03 /* DoImagePickerController.m in Sources */ = {isa = PBXBuildFile; fileRef = E0B5EA291B04A1CB0086BC03 /* DoImagePickerController.m */; };
		E0B5EA321B04A1CB0086BC03 /* DoImagePickerController.xib in Resources */ = {isa = PBXBuildFile; fileRef = E0B5EA2A1B04A1CB0086BC03 /* DoImagePickerController.xib */; };
		E0B5EA331B04A1CB0086BC03 /* DoPhotoCell.m in Sources */ = {isa = PBXBuildFile; fileRef = E0B5EA2C1B04A1CB0086BC03 /* DoPhotoCell.m */; };
		E0B5EA341B04A1CB0086BC03 /* DoPhotoCell.xib in Resources */ = {isa = PBXBuildFile; fileRef = E0B5EA2D1B04A1CB0086BC03 /* DoPhotoCell.xib */; };
		E0B5EA421B04A1E20086BC03 /* check.png in Resources */ = {isa = PBXBuildFile; fileRef = E0B5EA371B04A1E20086BC03 /* check.png */; };
		E0B5EA431B04A1E20086BC03 /* check@2x.png in Resources */ = {isa = PBXBuildFile; fileRef = E0B5EA381B04A1E20086BC03 /* check@2x.png */; };
		E0B5EA441B04A1E20086BC03 /* close.png in Resources */ = {isa = PBXBuildFile; fileRef = E0B5EA391B04A1E20086BC03 /* close.png */; };
		E0B5EA451B04A1E20086BC03 /* close@2x.png in Resources */ = {isa = PBXBuildFile; fileRef = E0B5EA3A1B04A1E20086BC03 /* close@2x.png */; };
		E0B5EA461B04A1E20086BC03 /* down.png in Resources */ = {isa = PBXBuildFile; fileRef = E0B5EA3B1B04A1E20086BC03 /* down.png */; };
		E0B5EA471B04A1E20086BC03 /* down@2x.png in Resources */ = {isa = PBXBuildFile; fileRef = E0B5EA3C1B04A1E20086BC03 /* down@2x.png */; };
		E0B5EA481B04A1E20086BC03 /* line@2x.png in Resources */ = {isa = PBXBuildFile; fileRef = E0B5EA3D1B04A1E20086BC03 /* line@2x.png */; };
		E0B5EA491B04A1E20086BC03 /* show.png in Resources */ = {isa = PBXBuildFile; fileRef = E0B5EA3E1B04A1E20086BC03 /* show.png */; };
		E0B5EA4A1B04A1E20086BC03 /* show@2x.png in Resources */ = {isa = PBXBuildFile; fileRef = E0B5EA3F1B04A1E20086BC03 /* show@2x.png */; };
		E0B5EA4B1B04A1E20086BC03 /* up.png in Resources */ = {isa = PBXBuildFile; fileRef = E0B5EA401B04A1E20086BC03 /* up.png */; };
		E0B5EA4C1B04A1E20086BC03 /* up@2x.png in Resources */ = {isa = PBXBuildFile; fileRef = E0B5EA411B04A1E20086BC03 /* up@2x.png */; };
		E0B5EA4E1B04A2640086BC03 /* Main副本.storyboard in Resources */ = {isa = PBXBuildFile; fileRef = E0B5EA4D1B04A2640086BC03 /* Main副本.storyboard */; };
		E0D9226B1AFC9C5A00AE9948 /* Main.storyboard in Resources */ = {isa = PBXBuildFile; fileRef = E0D922691AFC9C5A00AE9948 /* Main.storyboard */; };
		E0D9226D1AFC9C5A00AE9948 /* Images.xcassets in Resources */ = {isa = PBXBuildFile; fileRef = E0D9226C1AFC9C5A00AE9948 /* Images.xcassets */; };
		E0D922701AFC9C5A00AE9948 /* LaunchScreen.xib in Resources */ = {isa = PBXBuildFile; fileRef = E0D9226E1AFC9C5A00AE9948 /* LaunchScreen.xib */; };
		E0D9227C1AFC9C5A00AE9948 /* nvshenTests.m in Sources */ = {isa = PBXBuildFile; fileRef = E0D9227B1AFC9C5A00AE9948 /* nvshenTests.m */; };
		E0D922A31AFCA97000AE9948 /* AppDelegate.m in Sources */ = {isa = PBXBuildFile; fileRef = E0D9229C1AFCA97000AE9948 /* AppDelegate.m */; };
		E0D922A41AFCA97000AE9948 /* main.m in Sources */ = {isa = PBXBuildFile; fileRef = E0D9229D1AFCA97000AE9948 /* main.m */; };
		E0D922A51AFCA97000AE9948 /* ViewController.m in Sources */ = {isa = PBXBuildFile; fileRef = E0D922A01AFCA97000AE9948 /* ViewController.m */; };
		E0E75ABE1B00353400D60497 /* HLComposeViewController.m in Sources */ = {isa = PBXBuildFile; fileRef = E0E75ABD1B00353400D60497 /* HLComposeViewController.m */; };
		E0FF06C81AFE5743007B9544 /* HLListViewController.m in Sources */ = {isa = PBXBuildFile; fileRef = E0FF06C71AFE5743007B9544 /* HLListViewController.m */; };
/* End PBXBuildFile section */

/* Begin PBXContainerItemProxy section */
		E0D922761AFC9C5A00AE9948 /* PBXContainerItemProxy */ = {
			isa = PBXContainerItemProxy;
			containerPortal = E0D922541AFC9C5A00AE9948 /* Project object */;
			proxyType = 1;
			remoteGlobalIDString = E0D9225B1AFC9C5A00AE9948;
			remoteInfo = nvshen;
		};
/* End PBXContainerItemProxy section */

/* Begin PBXFileReference section */
		E09DCE741AFEEA5E00C5145E /* HLProfileViewController.h */ = {isa = PBXFileReference; fileEncoding = 4; lastKnownFileType = sourcecode.c.h; path = HLProfileViewController.h; sourceTree = "<group>"; };
		E09DCE751AFEEA5E00C5145E /* HLProfileViewController.m */ = {isa = PBXFileReference; fileEncoding = 4; lastKnownFileType = sourcecode.c.objc; path = HLProfileViewController.m; sourceTree = "<group>"; };
		E09DCE7A1AFEEE7900C5145E /* HLDiscoverViewController.h */ = {isa = PBXFileReference; fileEncoding = 4; lastKnownFileType = sourcecode.c.h; path = HLDiscoverViewController.h; sourceTree = "<group>"; };
		E09DCE7B1AFEEE7900C5145E /* HLDiscoverViewController.m */ = {isa = PBXFileReference; fileEncoding = 4; lastKnownFileType = sourcecode.c.objc; path = HLDiscoverViewController.m; sourceTree = "<group>"; };
		E09DCE7D1AFF022300C5145E /* HLTabBar.h */ = {isa = PBXFileReference; fileEncoding = 4; lastKnownFileType = sourcecode.c.h; path = HLTabBar.h; sourceTree = "<group>"; };
		E09DCE7E1AFF022300C5145E /* HLTabBar.m */ = {isa = PBXFileReference; fileEncoding = 4; lastKnownFileType = sourcecode.c.objc; path = HLTabBar.m; sourceTree = "<group>"; };
		E0A789A31AFE241D004F3511 /* HLNavigationController.h */ = {isa = PBXFileReference; fileEncoding = 4; lastKnownFileType = sourcecode.c.h; name = HLNavigationController.h; path = nvshen/HLNavigationController.h; sourceTree = SOURCE_ROOT; };
		E0A789A41AFE241D004F3511 /* HLNavigationController.m */ = {isa = PBXFileReference; fileEncoding = 4; lastKnownFileType = sourcecode.c.objc; name = HLNavigationController.m; path = nvshen/HLNavigationController.m; sourceTree = SOURCE_ROOT; };
		E0A789A61AFE24BD004F3511 /* HLTabBarViewController.h */ = {isa = PBXFileReference; fileEncoding = 4; lastKnownFileType = sourcecode.c.h; name = HLTabBarViewController.h; path = nvshen/HLTabBarViewController.h; sourceTree = SOURCE_ROOT; };
		E0A789A71AFE24BD004F3511 /* HLTabBarViewController.m */ = {isa = PBXFileReference; fileEncoding = 4; lastKnownFileType = sourcecode.c.objc; name = HLTabBarViewController.m; path = nvshen/HLTabBarViewController.m; sourceTree = SOURCE_ROOT; };
		E0A789AC1AFE2822004F3511 /* HLHomeViewController.h */ = {isa = PBXFileReference; fileEncoding = 4; lastKnownFileType = sourcecode.c.h; path = HLHomeViewController.h; sourceTree = "<group>"; };
		E0A789AD1AFE2822004F3511 /* HLHomeViewController.m */ = {isa = PBXFileReference; fileEncoding = 4; lastKnownFileType = sourcecode.c.objc; path = HLHomeViewController.m; sourceTree = "<group>"; };
		E0A789B51AFE2A50004F3511 /* UIView+Extension.h */ = {isa = PBXFileReference; fileEncoding = 4; lastKnownFileType = sourcecode.c.h; path = "UIView+Extension.h"; sourceTree = "<group>"; };
		E0A789B61AFE2A50004F3511 /* UIView+Extension.m */ = {isa = PBXFileReference; fileEncoding = 4; lastKnownFileType = sourcecode.c.objc; path = "UIView+Extension.m"; sourceTree = "<group>"; };
		E0A789B91AFE2F6F004F3511 /* UIBarButtonItem+Extension.h */ = {isa = PBXFileReference; fileEncoding = 4; lastKnownFileType = sourcecode.c.h; path = "UIBarButtonItem+Extension.h"; sourceTree = "<group>"; };
		E0A789BA1AFE2F6F004F3511 /* UIBarButtonItem+Extension.m */ = {isa = PBXFileReference; fileEncoding = 4; lastKnownFileType = sourcecode.c.objc; path = "UIBarButtonItem+Extension.m"; sourceTree = "<group>"; };
		E0ADF9AB1B04E57300732E3C /* HLEditPhotoViewController.h */ = {isa = PBXFileReference; fileEncoding = 4; lastKnownFileType = sourcecode.c.h; path = HLEditPhotoViewController.h; sourceTree = "<group>"; };
		E0ADF9AC1B04E57300732E3C /* HLEditPhotoViewController.m */ = {isa = PBXFileReference; fileEncoding = 4; lastKnownFileType = sourcecode.c.objc; path = HLEditPhotoViewController.m; sourceTree = "<group>"; };
		E0ADF9AD1B04E57300732E3C /* HLEditPhotoViewController.xib */ = {isa = PBXFileReference; fileEncoding = 4; lastKnownFileType = file.xib; path = HLEditPhotoViewController.xib; sourceTree = "<group>"; };
		E0B5EA231B04A1CB0086BC03 /* AssetHelper.h */ = {isa = PBXFileReference; fileEncoding = 4; lastKnownFileType = sourcecode.c.h; path = AssetHelper.h; sourceTree = "<group>"; };
		E0B5EA241B04A1CB0086BC03 /* AssetHelper.m */ = {isa = PBXFileReference; fileEncoding = 4; lastKnownFileType = sourcecode.c.objc; path = AssetHelper.m; sourceTree = "<group>"; };
		E0B5EA251B04A1CB0086BC03 /* DoAlbumCell.h */ = {isa = PBXFileReference; fileEncoding = 4; lastKnownFileType = sourcecode.c.h; path = DoAlbumCell.h; sourceTree = "<group>"; };
		E0B5EA261B04A1CB0086BC03 /* DoAlbumCell.m */ = {isa = PBXFileReference; fileEncoding = 4; lastKnownFileType = sourcecode.c.objc; path = DoAlbumCell.m; sourceTree = "<group>"; };
		E0B5EA271B04A1CB0086BC03 /* DoAlbumCell.xib */ = {isa = PBXFileReference; fileEncoding = 4; lastKnownFileType = file.xib; path = DoAlbumCell.xib; sourceTree = "<group>"; };
		E0B5EA281B04A1CB0086BC03 /* DoImagePickerController.h */ = {isa = PBXFileReference; fileEncoding = 4; lastKnownFileType = sourcecode.c.h; path = DoImagePickerController.h; sourceTree = "<group>"; };
		E0B5EA291B04A1CB0086BC03 /* DoImagePickerController.m */ = {isa = PBXFileReference; fileEncoding = 4; lastKnownFileType = sourcecode.c.objc; path = DoImagePickerController.m; sourceTree = "<group>"; };
		E0B5EA2A1B04A1CB0086BC03 /* DoImagePickerController.xib */ = {isa = PBXFileReference; fileEncoding = 4; lastKnownFileType = file.xib; path = DoImagePickerController.xib; sourceTree = "<group>"; };
		E0B5EA2B1B04A1CB0086BC03 /* DoPhotoCell.h */ = {isa = PBXFileReference; fileEncoding = 4; lastKnownFileType = sourcecode.c.h; path = DoPhotoCell.h; sourceTree = "<group>"; };
		E0B5EA2C1B04A1CB0086BC03 /* DoPhotoCell.m */ = {isa = PBXFileReference; fileEncoding = 4; lastKnownFileType = sourcecode.c.objc; path = DoPhotoCell.m; sourceTree = "<group>"; };
		E0B5EA2D1B04A1CB0086BC03 /* DoPhotoCell.xib */ = {isa = PBXFileReference; fileEncoding = 4; lastKnownFileType = file.xib; path = DoPhotoCell.xib; sourceTree = "<group>"; };
		E0B5EA371B04A1E20086BC03 /* check.png */ = {isa = PBXFileReference; lastKnownFileType = image.png; path = check.png; sourceTree = "<group>"; };
		E0B5EA381B04A1E20086BC03 /* check@2x.png */ = {isa = PBXFileReference; lastKnownFileType = image.png; path = "check@2x.png"; sourceTree = "<group>"; };
		E0B5EA391B04A1E20086BC03 /* close.png */ = {isa = PBXFileReference; lastKnownFileType = image.png; path = close.png; sourceTree = "<group>"; };
		E0B5EA3A1B04A1E20086BC03 /* close@2x.png */ = {isa = PBXFileReference; lastKnownFileType = image.png; path = "close@2x.png"; sourceTree = "<group>"; };
		E0B5EA3B1B04A1E20086BC03 /* down.png */ = {isa = PBXFileReference; lastKnownFileType = image.png; path = down.png; sourceTree = "<group>"; };
		E0B5EA3C1B04A1E20086BC03 /* down@2x.png */ = {isa = PBXFileReference; lastKnownFileType = image.png; path = "down@2x.png"; sourceTree = "<group>"; };
		E0B5EA3D1B04A1E20086BC03 /* line@2x.png */ = {isa = PBXFileReference; lastKnownFileType = image.png; path = "line@2x.png"; sourceTree = "<group>"; };
		E0B5EA3E1B04A1E20086BC03 /* show.png */ = {isa = PBXFileReference; lastKnownFileType = image.png; path = show.png; sourceTree = "<group>"; };
		E0B5EA3F1B04A1E20086BC03 /* show@2x.png */ = {isa = PBXFileReference; lastKnownFileType = image.png; path = "show@2x.png"; sourceTree = "<group>"; };
		E0B5EA401B04A1E20086BC03 /* up.png */ = {isa = PBXFileReference; lastKnownFileType = image.png; path = up.png; sourceTree = "<group>"; };
		E0B5EA411B04A1E20086BC03 /* up@2x.png */ = {isa = PBXFileReference; lastKnownFileType = image.png; path = "up@2x.png"; sourceTree = "<group>"; };
		E0B5EA4D1B04A2640086BC03 /* Main副本.storyboard */ = {isa = PBXFileReference; fileEncoding = 4; lastKnownFileType = file.storyboard; path = "Main副本.storyboard"; sourceTree = "<group>"; };
		E0D9225C1AFC9C5A00AE9948 /* nvshen.app */ = {isa = PBXFileReference; explicitFileType = wrapper.application; includeInIndex = 0; path = nvshen.app; sourceTree = BUILT_PRODUCTS_DIR; };
		E0D922601AFC9C5A00AE9948 /* Info.plist */ = {isa = PBXFileReference; lastKnownFileType = text.plist.xml; path = Info.plist; sourceTree = "<group>"; };
		E0D9226A1AFC9C5A00AE9948 /* Base */ = {isa = PBXFileReference; lastKnownFileType = file.storyboard; name = Base; path = Base.lproj/Main.storyboard; sourceTree = "<group>"; };
		E0D9226C1AFC9C5A00AE9948 /* Images.xcassets */ = {isa = PBXFileReference; lastKnownFileType = folder.assetcatalog; path = Images.xcassets; sourceTree = "<group>"; };
		E0D9226F1AFC9C5A00AE9948 /* Base */ = {isa = PBXFileReference; lastKnownFileType = file.xib; name = Base; path = Base.lproj/LaunchScreen.xib; sourceTree = "<group>"; };
		E0D922751AFC9C5A00AE9948 /* nvshenTests.xctest */ = {isa = PBXFileReference; explicitFileType = wrapper.cfbundle; includeInIndex = 0; path = nvshenTests.xctest; sourceTree = BUILT_PRODUCTS_DIR; };
		E0D9227A1AFC9C5A00AE9948 /* Info.plist */ = {isa = PBXFileReference; lastKnownFileType = text.plist.xml; path = Info.plist; sourceTree = "<group>"; };
		E0D9227B1AFC9C5A00AE9948 /* nvshenTests.m */ = {isa = PBXFileReference; lastKnownFileType = sourcecode.c.objc; path = nvshenTests.m; sourceTree = "<group>"; };
		E0D9229B1AFCA97000AE9948 /* AppDelegate.h */ = {isa = PBXFileReference; fileEncoding = 4; lastKnownFileType = sourcecode.c.h; path = AppDelegate.h; sourceTree = "<group>"; };
		E0D9229C1AFCA97000AE9948 /* AppDelegate.m */ = {isa = PBXFileReference; fileEncoding = 4; lastKnownFileType = sourcecode.c.objc; path = AppDelegate.m; sourceTree = "<group>"; };
		E0D9229D1AFCA97000AE9948 /* main.m */ = {isa = PBXFileReference; fileEncoding = 4; lastKnownFileType = sourcecode.c.objc; path = main.m; sourceTree = "<group>"; };
		E0D9229F1AFCA97000AE9948 /* ViewController.h */ = {isa = PBXFileReference; fileEncoding = 4; lastKnownFileType = sourcecode.c.h; path = ViewController.h; sourceTree = "<group>"; };
		E0D922A01AFCA97000AE9948 /* ViewController.m */ = {isa = PBXFileReference; fileEncoding = 4; lastKnownFileType = sourcecode.c.objc; path = ViewController.m; sourceTree = "<group>"; };
		E0D922AF1AFCAE7000AE9948 /* PrefixHeader.pch */ = {isa = PBXFileReference; fileEncoding = 4; lastKnownFileType = sourcecode.c.h; path = PrefixHeader.pch; sourceTree = "<group>"; };
		E0E75ABC1B00353400D60497 /* HLComposeViewController.h */ = {isa = PBXFileReference; fileEncoding = 4; lastKnownFileType = sourcecode.c.h; path = HLComposeViewController.h; sourceTree = "<group>"; };
		E0E75ABD1B00353400D60497 /* HLComposeViewController.m */ = {isa = PBXFileReference; fileEncoding = 4; lastKnownFileType = sourcecode.c.objc; path = HLComposeViewController.m; sourceTree = "<group>"; };
		E0FF06C61AFE5743007B9544 /* HLListViewController.h */ = {isa = PBXFileReference; fileEncoding = 4; lastKnownFileType = sourcecode.c.h; path = HLListViewController.h; sourceTree = "<group>"; };
		E0FF06C71AFE5743007B9544 /* HLListViewController.m */ = {isa = PBXFileReference; fileEncoding = 4; lastKnownFileType = sourcecode.c.objc; path = HLListViewController.m; sourceTree = "<group>"; };
/* End PBXFileReference section */

/* Begin PBXFrameworksBuildPhase section */
		E0D922591AFC9C5A00AE9948 /* Frameworks */ = {
			isa = PBXFrameworksBuildPhase;
			buildActionMask = 2147483647;
			files = (
			);
			runOnlyForDeploymentPostprocessing = 0;
		};
		E0D922721AFC9C5A00AE9948 /* Frameworks */ = {
			isa = PBXFrameworksBuildPhase;
			buildActionMask = 2147483647;
			files = (
			);
			runOnlyForDeploymentPostprocessing = 0;
		};
/* End PBXFrameworksBuildPhase section */

/* Begin PBXGroup section */
		E081D6F21B021612005E42F1 /* Lib */ = {
			isa = PBXGroup;
			children = (
				E0B5EA221B04A1CB0086BC03 /* DoImagePicker */,
			);
			path = Lib;
			sourceTree = "<group>";
		};
		E09DCE711AFEE94300C5145E /* Controller */ = {
			isa = PBXGroup;
			children = (
				E09DCE741AFEEA5E00C5145E /* HLProfileViewController.h */,
				E09DCE751AFEEA5E00C5145E /* HLProfileViewController.m */,
			);
			path = Controller;
			sourceTree = "<group>";
		};
		E09DCE721AFEE94300C5145E /* Model */ = {
			isa = PBXGroup;
			children = (
			);
			path = Model;
			sourceTree = "<group>";
		};
		E09DCE731AFEE94300C5145E /* View */ = {
			isa = PBXGroup;
			children = (
			);
			path = View;
			sourceTree = "<group>";
		};
		E09DCE771AFEEE5900C5145E /* Controller */ = {
			isa = PBXGroup;
			children = (
				E09DCE7A1AFEEE7900C5145E /* HLDiscoverViewController.h */,
				E09DCE7B1AFEEE7900C5145E /* HLDiscoverViewController.m */,
			);
			path = Controller;
			sourceTree = "<group>";
		};
		E09DCE781AFEEE5900C5145E /* Model */ = {
			isa = PBXGroup;
			children = (
			);
			path = Model;
			sourceTree = "<group>";
		};
		E09DCE791AFEEE5900C5145E /* View */ = {
			isa = PBXGroup;
			children = (
			);
			path = View;
			sourceTree = "<group>";
		};
		E09DCE841AFF0A1300C5145E /* Compose */ = {
			isa = PBXGroup;
			children = (
				E081D6F21B021612005E42F1 /* Lib */,
				E0E75ABB1B0034C300D60497 /* Controller */,
				E09DCE861AFF0A1300C5145E /* Model */,
				E09DCE871AFF0A1300C5145E /* View */,
			);
			path = Compose;
			sourceTree = "<group>";
		};
		E09DCE861AFF0A1300C5145E /* Model */ = {
			isa = PBXGroup;
			children = (
			);
			path = Model;
			sourceTree = "<group>";
		};
		E09DCE871AFF0A1300C5145E /* View */ = {
			isa = PBXGroup;
			children = (
			);
			path = View;
			sourceTree = "<group>";
		};
		E0A789A91AFE276A004F3511 /* Controller */ = {
			isa = PBXGroup;
			children = (
				E0A789AC1AFE2822004F3511 /* HLHomeViewController.h */,
				E0A789AD1AFE2822004F3511 /* HLHomeViewController.m */,
			);
			path = Controller;
			sourceTree = "<group>";
		};
		E0A789AA1AFE276A004F3511 /* Model */ = {
			isa = PBXGroup;
			children = (
			);
			path = Model;
			sourceTree = "<group>";
		};
		E0A789AB1AFE276A004F3511 /* View */ = {
			isa = PBXGroup;
			children = (
			);
			path = View;
			sourceTree = "<group>";
		};
		E0B5EA221B04A1CB0086BC03 /* DoImagePicker */ = {
			isa = PBXGroup;
			children = (
				E0B5EA351B04A1E20086BC03 /* Resources */,
				E0B5EA231B04A1CB0086BC03 /* AssetHelper.h */,
				E0B5EA241B04A1CB0086BC03 /* AssetHelper.m */,
				E0B5EA251B04A1CB0086BC03 /* DoAlbumCell.h */,
				E0B5EA4D1B04A2640086BC03 /* Main副本.storyboard */,
				E0B5EA261B04A1CB0086BC03 /* DoAlbumCell.m */,
				E0B5EA271B04A1CB0086BC03 /* DoAlbumCell.xib */,
				E0B5EA281B04A1CB0086BC03 /* DoImagePickerController.h */,
				E0B5EA291B04A1CB0086BC03 /* DoImagePickerController.m */,
				E0B5EA2A1B04A1CB0086BC03 /* DoImagePickerController.xib */,
				E0B5EA2B1B04A1CB0086BC03 /* DoPhotoCell.h */,
				E0B5EA2C1B04A1CB0086BC03 /* DoPhotoCell.m */,
				E0B5EA2D1B04A1CB0086BC03 /* DoPhotoCell.xib */,
			);
			path = DoImagePicker;
			sourceTree = "<group>";
		};
		E0B5EA351B04A1E20086BC03 /* Resources */ = {
			isa = PBXGroup;
			children = (
				E0B5EA361B04A1E20086BC03 /* Images */,
			);
			path = Resources;
			sourceTree = "<group>";
		};
		E0B5EA361B04A1E20086BC03 /* Images */ = {
			isa = PBXGroup;
			children = (
				E0B5EA371B04A1E20086BC03 /* check.png */,
				E0B5EA381B04A1E20086BC03 /* check@2x.png */,
				E0B5EA391B04A1E20086BC03 /* close.png */,
				E0B5EA3A1B04A1E20086BC03 /* close@2x.png */,
				E0B5EA3B1B04A1E20086BC03 /* down.png */,
				E0B5EA3C1B04A1E20086BC03 /* down@2x.png */,
				E0B5EA3D1B04A1E20086BC03 /* line@2x.png */,
				E0B5EA3E1B04A1E20086BC03 /* show.png */,
				E0B5EA3F1B04A1E20086BC03 /* show@2x.png */,
				E0B5EA401B04A1E20086BC03 /* up.png */,
				E0B5EA411B04A1E20086BC03 /* up@2x.png */,
			);
			path = Images;
			sourceTree = "<group>";
		};
		E0D922531AFC9C5A00AE9948 = {
			isa = PBXGroup;
			children = (
				E0D9225E1AFC9C5A00AE9948 /* nvshen */,
				E0D922781AFC9C5A00AE9948 /* nvshenTests */,
				E0D9225D1AFC9C5A00AE9948 /* Products */,
			);
			sourceTree = "<group>";
		};
		E0D9225D1AFC9C5A00AE9948 /* Products */ = {
			isa = PBXGroup;
			children = (
				E0D9225C1AFC9C5A00AE9948 /* nvshen.app */,
				E0D922751AFC9C5A00AE9948 /* nvshenTests.xctest */,
			);
			name = Products;
			sourceTree = "<group>";
		};
		E0D9225E1AFC9C5A00AE9948 /* nvshen */ = {
			isa = PBXGroup;
			children = (
				E0D922901AFCA97000AE9948 /* classes */,
				E0D922691AFC9C5A00AE9948 /* Main.storyboard */,
				E0D9226E1AFC9C5A00AE9948 /* LaunchScreen.xib */,
				E0D9225F1AFC9C5A00AE9948 /* Supporting Files */,
			);
			path = nvshen;
			sourceTree = "<group>";
		};
		E0D9225F1AFC9C5A00AE9948 /* Supporting Files */ = {
			isa = PBXGroup;
			children = (
				E0D9226C1AFC9C5A00AE9948 /* Images.xcassets */,
				E0D922601AFC9C5A00AE9948 /* Info.plist */,
				E0D922AF1AFCAE7000AE9948 /* PrefixHeader.pch */,
			);
			name = "Supporting Files";
			sourceTree = "<group>";
		};
		E0D922781AFC9C5A00AE9948 /* nvshenTests */ = {
			isa = PBXGroup;
			children = (
				E0D9227B1AFC9C5A00AE9948 /* nvshenTests.m */,
				E0D922791AFC9C5A00AE9948 /* Supporting Files */,
			);
			path = nvshenTests;
			sourceTree = "<group>";
		};
		E0D922791AFC9C5A00AE9948 /* Supporting Files */ = {
			isa = PBXGroup;
			children = (
				E0D9227A1AFC9C5A00AE9948 /* Info.plist */,
			);
			name = "Supporting Files";
			sourceTree = "<group>";
		};
		E0D922901AFCA97000AE9948 /* classes */ = {
			isa = PBXGroup;
			children = (
				E09DCE841AFF0A1300C5145E /* Compose */,
				E0D922921AFCA97000AE9948 /* Discover */,
				E0D922931AFCA97000AE9948 /* Home */,
				E0D922941AFCA97000AE9948 /* List */,
				E0D922951AFCA97000AE9948 /* Main(主要) */,
				E0D922A11AFCA97000AE9948 /* Profile */,
				E0D922A21AFCA97000AE9948 /* Temp */,
			);
			path = classes;
			sourceTree = "<group>";
		};
		E0D922921AFCA97000AE9948 /* Discover */ = {
			isa = PBXGroup;
			children = (
				E09DCE771AFEEE5900C5145E /* Controller */,
				E09DCE781AFEEE5900C5145E /* Model */,
				E09DCE791AFEEE5900C5145E /* View */,
			);
			path = Discover;
			sourceTree = "<group>";
		};
		E0D922931AFCA97000AE9948 /* Home */ = {
			isa = PBXGroup;
			children = (
				E0A789A91AFE276A004F3511 /* Controller */,
				E0A789AA1AFE276A004F3511 /* Model */,
				E0A789AB1AFE276A004F3511 /* View */,
			);
			path = Home;
			sourceTree = "<group>";
		};
		E0D922941AFCA97000AE9948 /* List */ = {
			isa = PBXGroup;
			children = (
				E0FF06C21AFE567C007B9544 /* Controller */,
				E0FF06C31AFE567C007B9544 /* Model */,
				E0FF06C41AFE567C007B9544 /* View */,
			);
			path = List;
			sourceTree = "<group>";
		};
		E0D922951AFCA97000AE9948 /* Main(主要) */ = {
			isa = PBXGroup;
			children = (
				E0D922961AFCA97000AE9948 /* Category */,
				E0D922971AFCA97000AE9948 /* Controller */,
				E0D922981AFCA97000AE9948 /* Lib */,
				E0D922991AFCA97000AE9948 /* Model */,
				E0D9229A1AFCA97000AE9948 /* Other */,
				E0D9229E1AFCA97000AE9948 /* View */,
				E0D9229F1AFCA97000AE9948 /* ViewController.h */,
				E09DCE7D1AFF022300C5145E /* HLTabBar.h */,
				E09DCE7E1AFF022300C5145E /* HLTabBar.m */,
				E0D922A01AFCA97000AE9948 /* ViewController.m */,
			);
			name = "Main(主要)";
			path = Main;
			sourceTree = "<group>";
		};
		E0D922961AFCA97000AE9948 /* Category */ = {
			isa = PBXGroup;
			children = (
				E0A789B91AFE2F6F004F3511 /* UIBarButtonItem+Extension.h */,
				E0A789BA1AFE2F6F004F3511 /* UIBarButtonItem+Extension.m */,
				E0A789B51AFE2A50004F3511 /* UIView+Extension.h */,
				E0A789B61AFE2A50004F3511 /* UIView+Extension.m */,
			);
			path = Category;
			sourceTree = "<group>";
		};
		E0D922971AFCA97000AE9948 /* Controller */ = {
			isa = PBXGroup;
			children = (
				E0A789A31AFE241D004F3511 /* HLNavigationController.h */,
				E0A789A41AFE241D004F3511 /* HLNavigationController.m */,
				E0A789A61AFE24BD004F3511 /* HLTabBarViewController.h */,
				E0A789A71AFE24BD004F3511 /* HLTabBarViewController.m */,
			);
			path = Controller;
			sourceTree = "<group>";
		};
		E0D922981AFCA97000AE9948 /* Lib */ = {
			isa = PBXGroup;
			children = (
			);
			path = Lib;
			sourceTree = "<group>";
		};
		E0D922991AFCA97000AE9948 /* Model */ = {
			isa = PBXGroup;
			children = (
			);
			path = Model;
			sourceTree = "<group>";
		};
		E0D9229A1AFCA97000AE9948 /* Other */ = {
			isa = PBXGroup;
			children = (
				E0D9229B1AFCA97000AE9948 /* AppDelegate.h */,
				E0D9229C1AFCA97000AE9948 /* AppDelegate.m */,
				E0D9229D1AFCA97000AE9948 /* main.m */,
			);
			path = Other;
			sourceTree = "<group>";
		};
		E0D9229E1AFCA97000AE9948 /* View */ = {
			isa = PBXGroup;
			children = (
			);
			path = View;
			sourceTree = "<group>";
		};
		E0D922A11AFCA97000AE9948 /* Profile */ = {
			isa = PBXGroup;
			children = (
				E09DCE711AFEE94300C5145E /* Controller */,
				E09DCE721AFEE94300C5145E /* Model */,
				E09DCE731AFEE94300C5145E /* View */,
			);
			path = Profile;
			sourceTree = "<group>";
		};
		E0D922A21AFCA97000AE9948 /* Temp */ = {
			isa = PBXGroup;
			children = (
			);
			path = Temp;
			sourceTree = "<group>";
		};
		E0E75ABB1B0034C300D60497 /* Controller */ = {
			isa = PBXGroup;
			children = (
				E0E75ABC1B00353400D60497 /* HLComposeViewController.h */,
				E0E75ABD1B00353400D60497 /* HLComposeViewController.m */,
				E0ADF9AB1B04E57300732E3C /* HLEditPhotoViewController.h */,
				E0ADF9AC1B04E57300732E3C /* HLEditPhotoViewController.m */,
				E0ADF9AD1B04E57300732E3C /* HLEditPhotoViewController.xib */,
			);
			path = Controller;
			sourceTree = "<group>";
		};
		E0FF06C21AFE567C007B9544 /* Controller */ = {
			isa = PBXGroup;
			children = (
				E0FF06C61AFE5743007B9544 /* HLListViewController.h */,
				E0FF06C71AFE5743007B9544 /* HLListViewController.m */,
			);
			path = Controller;
			sourceTree = "<group>";
		};
		E0FF06C31AFE567C007B9544 /* Model */ = {
			isa = PBXGroup;
			children = (
			);
			path = Model;
			sourceTree = "<group>";
		};
		E0FF06C41AFE567C007B9544 /* View */ = {
			isa = PBXGroup;
			children = (
			);
			path = View;
			sourceTree = "<group>";
		};
/* End PBXGroup section */

/* Begin PBXNativeTarget section */
		E0D9225B1AFC9C5A00AE9948 /* nvshen */ = {
			isa = PBXNativeTarget;
			buildConfigurationList = E0D9227F1AFC9C5A00AE9948 /* Build configuration list for PBXNativeTarget "nvshen" */;
			buildPhases = (
				E0D922581AFC9C5A00AE9948 /* Sources */,
				E0D922591AFC9C5A00AE9948 /* Frameworks */,
				E0D9225A1AFC9C5A00AE9948 /* Resources */,
			);
			buildRules = (
			);
			dependencies = (
			);
			name = nvshen;
			productName = nvshen;
			productReference = E0D9225C1AFC9C5A00AE9948 /* nvshen.app */;
			productType = "com.apple.product-type.application";
		};
		E0D922741AFC9C5A00AE9948 /* nvshenTests */ = {
			isa = PBXNativeTarget;
			buildConfigurationList = E0D922821AFC9C5A00AE9948 /* Build configuration list for PBXNativeTarget "nvshenTests" */;
			buildPhases = (
				E0D922711AFC9C5A00AE9948 /* Sources */,
				E0D922721AFC9C5A00AE9948 /* Frameworks */,
				E0D922731AFC9C5A00AE9948 /* Resources */,
			);
			buildRules = (
			);
			dependencies = (
				E0D922771AFC9C5A00AE9948 /* PBXTargetDependency */,
			);
			name = nvshenTests;
			productName = nvshenTests;
			productReference = E0D922751AFC9C5A00AE9948 /* nvshenTests.xctest */;
			productType = "com.apple.product-type.bundle.unit-test";
		};
/* End PBXNativeTarget section */

/* Begin PBXProject section */
		E0D922541AFC9C5A00AE9948 /* Project object */ = {
			isa = PBXProject;
			attributes = {
				CLASSPREFIX = HL;
				LastUpgradeCheck = 0630;
				ORGANIZATIONNAME = Hoolang;
				TargetAttributes = {
					E0D9225B1AFC9C5A00AE9948 = {
						CreatedOnToolsVersion = 6.3.1;
						DevelopmentTeam = 38MM8ME8F4;
					};
					E0D922741AFC9C5A00AE9948 = {
						CreatedOnToolsVersion = 6.3.1;
						TestTargetID = E0D9225B1AFC9C5A00AE9948;
					};
				};
			};
			buildConfigurationList = E0D922571AFC9C5A00AE9948 /* Build configuration list for PBXProject "nvshen" */;
			compatibilityVersion = "Xcode 3.2";
			developmentRegion = English;
			hasScannedForEncodings = 0;
			knownRegions = (
				en,
				Base,
			);
			mainGroup = E0D922531AFC9C5A00AE9948;
			productRefGroup = E0D9225D1AFC9C5A00AE9948 /* Products */;
			projectDirPath = "";
			projectRoot = "";
			targets = (
				E0D9225B1AFC9C5A00AE9948 /* nvshen */,
				E0D922741AFC9C5A00AE9948 /* nvshenTests */,
			);
		};
/* End PBXProject section */

/* Begin PBXResourcesBuildPhase section */
		E0D9225A1AFC9C5A00AE9948 /* Resources */ = {
			isa = PBXResourcesBuildPhase;
			buildActionMask = 2147483647;
			files = (
				E0B5EA4A1B04A1E20086BC03 /* show@2x.png in Resources */,
				E0B5EA491B04A1E20086BC03 /* show.png in Resources */,
				E0B5EA441B04A1E20086BC03 /* close.png in Resources */,
				E0B5EA4C1B04A1E20086BC03 /* up@2x.png in Resources */,
				E0B5EA321B04A1CB0086BC03 /* DoImagePickerController.xib in Resources */,
				E0B5EA301B04A1CB0086BC03 /* DoAlbumCell.xib in Resources */,
				E0B5EA421B04A1E20086BC03 /* check.png in Resources */,
				E0D9226B1AFC9C5A00AE9948 /* Main.storyboard in Resources */,
				E0B5EA4E1B04A2640086BC03 /* Main副本.storyboard in Resources */,
				E0B5EA481B04A1E20086BC03 /* line@2x.png in Resources */,
				E0B5EA461B04A1E20086BC03 /* down.png in Resources */,
				E0B5EA451B04A1E20086BC03 /* close@2x.png in Resources */,
				E0ADF9AF1B04E57300732E3C /* HLEditPhotoViewController.xib in Resources */,
				E0B5EA341B04A1CB0086BC03 /* DoPhotoCell.xib in Resources */,
				E0B5EA471B04A1E20086BC03 /* down@2x.png in Resources */,
				E0D922701AFC9C5A00AE9948 /* LaunchScreen.xib in Resources */,
				E0D9226D1AFC9C5A00AE9948 /* Images.xcassets in Resources */,
				E0B5EA4B1B04A1E20086BC03 /* up.png in Resources */,
				E0B5EA431B04A1E20086BC03 /* check@2x.png in Resources */,
			);
			runOnlyForDeploymentPostprocessing = 0;
		};
		E0D922731AFC9C5A00AE9948 /* Resources */ = {
			isa = PBXResourcesBuildPhase;
			buildActionMask = 2147483647;
			files = (
			);
			runOnlyForDeploymentPostprocessing = 0;
		};
/* End PBXResourcesBuildPhase section */

/* Begin PBXSourcesBuildPhase section */
		E0D922581AFC9C5A00AE9948 /* Sources */ = {
			isa = PBXSourcesBuildPhase;
			buildActionMask = 2147483647;
			files = (
				E0D922A51AFCA97000AE9948 /* ViewController.m in Sources */,
				E0A789A81AFE24BD004F3511 /* HLTabBarViewController.m in Sources */,
				E0D922A41AFCA97000AE9948 /* main.m in Sources */,
				E09DCE7C1AFEEE7900C5145E /* HLDiscoverViewController.m in Sources */,
				E0B5EA2E1B04A1CB0086BC03 /* AssetHelper.m in Sources */,
				E0A789B71AFE2A50004F3511 /* UIView+Extension.m in Sources */,
				E09DCE7F1AFF022300C5145E /* HLTabBar.m in Sources */,
				E0A789BB1AFE2F6F004F3511 /* UIBarButtonItem+Extension.m in Sources */,
				E0D922A31AFCA97000AE9948 /* AppDelegate.m in Sources */,
				E0B5EA331B04A1CB0086BC03 /* DoPhotoCell.m in Sources */,
				E09DCE761AFEEA5E00C5145E /* HLProfileViewController.m in Sources */,
				E0A789A51AFE241D004F3511 /* HLNavigationController.m in Sources */,
				E0A789AE1AFE2822004F3511 /* HLHomeViewController.m in Sources */,
				E0B5EA311B04A1CB0086BC03 /* DoImagePickerController.m in Sources */,
				E0E75ABE1B00353400D60497 /* HLComposeViewController.m in Sources */,
				E0FF06C81AFE5743007B9544 /* HLListViewController.m in Sources */,
				E0B5EA2F1B04A1CB0086BC03 /* DoAlbumCell.m in Sources */,
				E0ADF9AE1B04E57300732E3C /* HLEditPhotoViewController.m in Sources */,
			);
			runOnlyForDeploymentPostprocessing = 0;
		};
		E0D922711AFC9C5A00AE9948 /* Sources */ = {
			isa = PBXSourcesBuildPhase;
			buildActionMask = 2147483647;
			files = (
				E0D9227C1AFC9C5A00AE9948 /* nvshenTests.m in Sources */,
			);
			runOnlyForDeploymentPostprocessing = 0;
		};
/* End PBXSourcesBuildPhase section */

/* Begin PBXTargetDependency section */
		E0D922771AFC9C5A00AE9948 /* PBXTargetDependency */ = {
			isa = PBXTargetDependency;
			target = E0D9225B1AFC9C5A00AE9948 /* nvshen */;
			targetProxy = E0D922761AFC9C5A00AE9948 /* PBXContainerItemProxy */;
		};
/* End PBXTargetDependency section */

/* Begin PBXVariantGroup section */
		E0D922691AFC9C5A00AE9948 /* Main.storyboard */ = {
			isa = PBXVariantGroup;
			children = (
				E0D9226A1AFC9C5A00AE9948 /* Base */,
			);
			name = Main.storyboard;
			sourceTree = "<group>";
		};
		E0D9226E1AFC9C5A00AE9948 /* LaunchScreen.xib */ = {
			isa = PBXVariantGroup;
			children = (
				E0D9226F1AFC9C5A00AE9948 /* Base */,
			);
			name = LaunchScreen.xib;
			sourceTree = "<group>";
		};
/* End PBXVariantGroup section */

/* Begin XCBuildConfiguration section */
		E0D9227D1AFC9C5A00AE9948 /* Debug */ = {
			isa = XCBuildConfiguration;
			buildSettings = {
				ALWAYS_SEARCH_USER_PATHS = NO;
				CLANG_CXX_LANGUAGE_STANDARD = "gnu++0x";
				CLANG_CXX_LIBRARY = "libc++";
				CLANG_ENABLE_MODULES = YES;
				CLANG_ENABLE_OBJC_ARC = YES;
				CLANG_WARN_BOOL_CONVERSION = YES;
				CLANG_WARN_CONSTANT_CONVERSION = YES;
				CLANG_WARN_DIRECT_OBJC_ISA_USAGE = YES_ERROR;
				CLANG_WARN_EMPTY_BODY = YES;
				CLANG_WARN_ENUM_CONVERSION = YES;
				CLANG_WARN_INT_CONVERSION = YES;
				CLANG_WARN_OBJC_ROOT_CLASS = YES_ERROR;
				CLANG_WARN_UNREACHABLE_CODE = YES;
				CLANG_WARN__DUPLICATE_METHOD_MATCH = YES;
				"CODE_SIGN_IDENTITY[sdk=iphoneos*]" = "iPhone Developer";
				COPY_PHASE_STRIP = NO;
				DEBUG_INFORMATION_FORMAT = "dwarf-with-dsym";
				ENABLE_STRICT_OBJC_MSGSEND = YES;
				GCC_C_LANGUAGE_STANDARD = gnu99;
				GCC_DYNAMIC_NO_PIC = NO;
				GCC_NO_COMMON_BLOCKS = YES;
				GCC_OPTIMIZATION_LEVEL = 0;
				GCC_PREPROCESSOR_DEFINITIONS = (
					"DEBUG=1",
					"$(inherited)",
				);
				GCC_SYMBOLS_PRIVATE_EXTERN = NO;
				GCC_WARN_64_TO_32_BIT_CONVERSION = YES;
				GCC_WARN_ABOUT_RETURN_TYPE = YES_ERROR;
				GCC_WARN_UNDECLARED_SELECTOR = YES;
				GCC_WARN_UNINITIALIZED_AUTOS = YES_AGGRESSIVE;
				GCC_WARN_UNUSED_FUNCTION = YES;
				GCC_WARN_UNUSED_VARIABLE = YES;
				IPHONEOS_DEPLOYMENT_TARGET = 8.3;
				MTL_ENABLE_DEBUG_INFO = YES;
				ONLY_ACTIVE_ARCH = YES;
				SDKROOT = iphoneos;
			};
			name = Debug;
		};
		E0D9227E1AFC9C5A00AE9948 /* Release */ = {
			isa = XCBuildConfiguration;
			buildSettings = {
				ALWAYS_SEARCH_USER_PATHS = NO;
				CLANG_CXX_LANGUAGE_STANDARD = "gnu++0x";
				CLANG_CXX_LIBRARY = "libc++";
				CLANG_ENABLE_MODULES = YES;
				CLANG_ENABLE_OBJC_ARC = YES;
				CLANG_WARN_BOOL_CONVERSION = YES;
				CLANG_WARN_CONSTANT_CONVERSION = YES;
				CLANG_WARN_DIRECT_OBJC_ISA_USAGE = YES_ERROR;
				CLANG_WARN_EMPTY_BODY = YES;
				CLANG_WARN_ENUM_CONVERSION = YES;
				CLANG_WARN_INT_CONVERSION = YES;
				CLANG_WARN_OBJC_ROOT_CLASS = YES_ERROR;
				CLANG_WARN_UNREACHABLE_CODE = YES;
				CLANG_WARN__DUPLICATE_METHOD_MATCH = YES;
				"CODE_SIGN_IDENTITY[sdk=iphoneos*]" = "iPhone Developer";
				COPY_PHASE_STRIP = NO;
				DEBUG_INFORMATION_FORMAT = "dwarf-with-dsym";
				ENABLE_NS_ASSERTIONS = NO;
				ENABLE_STRICT_OBJC_MSGSEND = YES;
				GCC_C_LANGUAGE_STANDARD = gnu99;
				GCC_NO_COMMON_BLOCKS = YES;
				GCC_WARN_64_TO_32_BIT_CONVERSION = YES;
				GCC_WARN_ABOUT_RETURN_TYPE = YES_ERROR;
				GCC_WARN_UNDECLARED_SELECTOR = YES;
				GCC_WARN_UNINITIALIZED_AUTOS = YES_AGGRESSIVE;
				GCC_WARN_UNUSED_FUNCTION = YES;
				GCC_WARN_UNUSED_VARIABLE = YES;
				IPHONEOS_DEPLOYMENT_TARGET = 8.3;
				MTL_ENABLE_DEBUG_INFO = NO;
				SDKROOT = iphoneos;
				VALIDATE_PRODUCT = YES;
			};
			name = Release;
		};
		E0D922801AFC9C5A00AE9948 /* Debug */ = {
			isa = XCBuildConfiguration;
			buildSettings = {
				ASSETCATALOG_COMPILER_APPICON_NAME = AppIcon;
				ASSETCATALOG_COMPILER_LAUNCHIMAGE_NAME = LaunchImage;
				CODE_SIGN_IDENTITY = "iPhone Developer";
				"CODE_SIGN_IDENTITY[sdk=iphoneos*]" = "iPhone Developer";
				GCC_PRECOMPILE_PREFIX_HEADER = YES;
				GCC_PREFIX_HEADER = "$(SRCROOT)/nvshen/PrefixHeader.pch";
				INFOPLIST_FILE = nvshen/Info.plist;
				LD_RUNPATH_SEARCH_PATHS = "$(inherited) @executable_path/Frameworks";
				New_Setting = "";
				PRODUCT_NAME = "$(TARGET_NAME)";
				PROVISIONING_PROFILE = "";
			};
			name = Debug;
		};
		E0D922811AFC9C5A00AE9948 /* Release */ = {
			isa = XCBuildConfiguration;
			buildSettings = {
				ASSETCATALOG_COMPILER_APPICON_NAME = AppIcon;
				ASSETCATALOG_COMPILER_LAUNCHIMAGE_NAME = LaunchImage;
				CODE_SIGN_IDENTITY = "iPhone Developer";
				"CODE_SIGN_IDENTITY[sdk=iphoneos*]" = "iPhone Developer";
				GCC_PRECOMPILE_PREFIX_HEADER = YES;
				GCC_PREFIX_HEADER = "$(SRCROOT)/nvshen/PrefixHeader.pch";
				INFOPLIST_FILE = nvshen/Info.plist;
				LD_RUNPATH_SEARCH_PATHS = "$(inherited) @executable_path/Frameworks";
				New_Setting = "";
				PRODUCT_NAME = "$(TARGET_NAME)";
				PROVISIONING_PROFILE = "";
			};
			name = Release;
		};
		E0D922831AFC9C5A00AE9948 /* Debug */ = {
			isa = XCBuildConfiguration;
			buildSettings = {
				BUNDLE_LOADER = "$(TEST_HOST)";
				FRAMEWORK_SEARCH_PATHS = (
					"$(SDKROOT)/Developer/Library/Frameworks",
					"$(inherited)",
				);
				GCC_PREPROCESSOR_DEFINITIONS = (
					"DEBUG=1",
					"$(inherited)",
				);
				INFOPLIST_FILE = nvshenTests/Info.plist;
				LD_RUNPATH_SEARCH_PATHS = "$(inherited) @executable_path/Frameworks @loader_path/Frameworks";
				PRODUCT_NAME = "$(TARGET_NAME)";
				TEST_HOST = "$(BUILT_PRODUCTS_DIR)/nvshen.app/nvshen";
			};
			name = Debug;
		};
		E0D922841AFC9C5A00AE9948 /* Release */ = {
			isa = XCBuildConfiguration;
			buildSettings = {
				BUNDLE_LOADER = "$(TEST_HOST)";
				FRAMEWORK_SEARCH_PATHS = (
					"$(SDKROOT)/Developer/Library/Frameworks",
					"$(inherited)",
				);
				INFOPLIST_FILE = nvshenTests/Info.plist;
				LD_RUNPATH_SEARCH_PATHS = "$(inherited) @executable_path/Frameworks @loader_path/Frameworks";
				PRODUCT_NAME = "$(TARGET_NAME)";
				TEST_HOST = "$(BUILT_PRODUCTS_DIR)/nvshen.app/nvshen";
			};
			name = Release;
		};
/* End XCBuildConfiguration section */

/* Begin XCConfigurationList section */
		E0D922571AFC9C5A00AE9948 /* Build configuration list for PBXProject "nvshen" */ = {
			isa = XCConfigurationList;
			buildConfigurations = (
				E0D9227D1AFC9C5A00AE9948 /* Debug */,
				E0D9227E1AFC9C5A00AE9948 /* Release */,
			);
			defaultConfigurationIsVisible = 0;
			defaultConfigurationName = Release;
		};
		E0D9227F1AFC9C5A00AE9948 /* Build configuration list for PBXNativeTarget "nvshen" */ = {
			isa = XCConfigurationList;
			buildConfigurations = (
				E0D922801AFC9C5A00AE9948 /* Debug */,
				E0D922811AFC9C5A00AE9948 /* Release */,
			);
			defaultConfigurationIsVisible = 0;
			defaultConfigurationName = Release;
		};
		E0D922821AFC9C5A00AE9948 /* Build configuration list for PBXNativeTarget "nvshenTests" */ = {
			isa = XCConfigurationList;
			buildConfigurations = (
				E0D922831AFC9C5A00AE9948 /* Debug */,
				E0D922841AFC9C5A00AE9948 /* Release */,
			);
			defaultConfigurationIsVisible = 0;
			defaultConfigurationName = Release;
		};
/* End XCConfigurationList section */
	};
	rootObject = E0D922541AFC9C5A00AE9948 /* Project object */;
}
